{
  "pins" : [
    {
      "identity" : "swift-vectors",
      "kind" : "remoteSourceControl",
      "location" : "git@github.com:gaetanomatonti/swift-vectors.git",
      "state" : {
        "branch" : "develop",
        "revision" : "a5200621c805154f19b29baa13cb81650440f3c7"
      }
    }
  ],
  "version" : 2
}
