// !$*UTF8*$!
{
	archiveVersion = 1;
	classes = {
	};
	objectVersion = 56;
	objects = {

/* Begin PBXBuildFile section */
		9B2709A82BC4A0EB0002C574 /* Vectors in Frameworks */ = {isa = PBXBuildFile; productRef = 9B2709A72BC4A0EB0002C574 /* Vectors */; };
		9B2E40602B9BB02000FB19C1 /* ControlPoint.swift in Sources */ = {isa = PBXBuildFile; fileRef = 9B2E405F2B9BB02000FB19C1 /* ControlPoint.swift */; };
		9B2E40632B9BB22F00FB19C1 /* CGRect+Extension.swift in Sources */ = {isa = PBXBuildFile; fileRef = 9B2E40622B9BB22F00FB19C1 /* CGRect+Extension.swift */; };
		9B2E40652B9BCA2400FB19C1 /* Scheme.swift in Sources */ = {isa = PBXBuildFile; fileRef = 9B2E40642B9BCA2400FB19C1 /* Scheme.swift */; };
		9B2E40682B9BD87300FB19C1 /* HSB.swift in Sources */ = {isa = PBXBuildFile; fileRef = 9B2E40672B9BD87300FB19C1 /* HSB.swift */; };
		9B2E406D2B9BE35B00FB19C1 /* Color+Extensions.swift in Sources */ = {isa = PBXBuildFile; fileRef = 9B2E406C2B9BE35B00FB19C1 /* Color+Extensions.swift */; };
		9B2E406F2B9BE4F300FB19C1 /* ColorPoint.swift in Sources */ = {isa = PBXBuildFile; fileRef = 9B2E406E2B9BE4F300FB19C1 /* ColorPoint.swift */; };
		9B6D60572B9C7516004D511D /* Angle+Extensions.swift in Sources */ = {isa = PBXBuildFile; fileRef = 9B6D60562B9C7516004D511D /* Angle+Extensions.swift */; };
		9B6D60592B9C761A004D511D /* ContentView.swift in Sources */ = {isa = PBXBuildFile; fileRef = 9B6D60582B9C761A004D511D /* ContentView.swift */; };
		9B6D605D2B9C76CA004D511D /* GradientPalette.swift in Sources */ = {isa = PBXBuildFile; fileRef = 9B6D605C2B9C76CA004D511D /* GradientPalette.swift */; };
		9BC482982B9A6FEF00F5A777 /* ColorWheelApp.swift in Sources */ = {isa = PBXBuildFile; fileRef = 9BC482972B9A6FEF00F5A777 /* ColorWheelApp.swift */; };
		9BC4829A2B9A6FEF00F5A777 /* ColorWheel.swift in Sources */ = {isa = PBXBuildFile; fileRef = 9BC482992B9A6FEF00F5A777 /* ColorWheel.swift */; };
		9BC4829C2B9A6FF000F5A777 /* Assets.xcassets in Resources */ = {isa = PBXBuildFile; fileRef = 9BC4829B2B9A6FF000F5A777 /* Assets.xcassets */; };
		9BC4829F2B9A6FF000F5A777 /* Preview Assets.xcassets in Resources */ = {isa = PBXBuildFile; fileRef = 9BC4829E2B9A6FF000F5A777 /* Preview Assets.xcassets */; };
		9BC482A62B9A700200F5A777 /* ColorWheel.metal in Sources */ = {isa = PBXBuildFile; fileRef = 9BC482A52B9A700200F5A777 /* ColorWheel.metal */; };
/* End PBXBuildFile section */

/* Begin PBXFileReference section */
		9B2E405F2B9BB02000FB19C1 /* ControlPoint.swift */ = {isa = PBXFileReference; lastKnownFileType = sourcecode.swift; path = ControlPoint.swift; sourceTree = "<group>"; };
		9B2E40622B9BB22F00FB19C1 /* CGRect+Extension.swift */ = {isa = PBXFileReference; lastKnownFileType = sourcecode.swift; path = "CGRect+Extension.swift"; sourceTree = "<group>"; };
		9B2E40642B9BCA2400FB19C1 /* Scheme.swift */ = {isa = PBXFileReference; lastKnownFileType = sourcecode.swift; path = Scheme.swift; sourceTree = "<group>"; };
		9B2E40672B9BD87300FB19C1 /* HSB.swift */ = {isa = PBXFileReference; lastKnownFileType = sourcecode.swift; path = HSB.swift; sourceTree = "<group>"; };
		9B2E406C2B9BE35B00FB19C1 /* Color+Extensions.swift */ = {isa = PBXFileReference; lastKnownFileType = sourcecode.swift; path = "Color+Extensions.swift"; sourceTree = "<group>"; };
		9B2E406E2B9BE4F300FB19C1 /* ColorPoint.swift */ = {isa = PBXFileReference; lastKnownFileType = sourcecode.swift; path = ColorPoint.swift; sourceTree = "<group>"; };
		9B6D60562B9C7516004D511D /* Angle+Extensions.swift */ = {isa = PBXFileReference; lastKnownFileType = sourcecode.swift; path = "Angle+Extensions.swift"; sourceTree = "<group>"; };
		9B6D60582B9C761A004D511D /* ContentView.swift */ = {isa = PBXFileReference; lastKnownFileType = sourcecode.swift; path = ContentView.swift; sourceTree = "<group>"; };
		9B6D605C2B9C76CA004D511D /* GradientPalette.swift */ = {isa = PBXFileReference; lastKnownFileType = sourcecode.swift; path = GradientPalette.swift; sourceTree = "<group>"; };
		9BC482942B9A6FEF00F5A777 /* ColorWheel.app */ = {isa = PBXFileReference; explicitFileType = wrapper.application; includeInIndex = 0; path = ColorWheel.app; sourceTree = BUILT_PRODUCTS_DIR; };
		9BC482972B9A6FEF00F5A777 /* ColorWheelApp.swift */ = {isa = PBXFileReference; lastKnownFileType = sourcecode.swift; path = ColorWheelApp.swift; sourceTree = "<group>"; };
		9BC482992B9A6FEF00F5A777 /* ColorWheel.swift */ = {isa = PBXFileReference; lastKnownFileType = sourcecode.swift; path = ColorWheel.swift; sourceTree = "<group>"; };
		9BC4829B2B9A6FF000F5A777 /* Assets.xcassets */ = {isa = PBXFileReference; lastKnownFileType = folder.assetcatalog; path = Assets.xcassets; sourceTree = "<group>"; };
		9BC4829E2B9A6FF000F5A777 /* Preview Assets.xcassets */ = {isa = PBXFileReference; lastKnownFileType = folder.assetcatalog; path = "Preview Assets.xcassets"; sourceTree = "<group>"; };
		9BC482A52B9A700200F5A777 /* ColorWheel.metal */ = {isa = PBXFileReference; lastKnownFileType = sourcecode.metal; path = ColorWheel.metal; sourceTree = "<group>"; };
/* End PBXFileReference section */

/* Begin PBXFrameworksBuildPhase section */
		9BC482912B9A6FEF00F5A777 /* Frameworks */ = {
			isa = PBXFrameworksBuildPhase;
			buildActionMask = 2147483647;
			files = (
				9B2709A82BC4A0EB0002C574 /* Vectors in Frameworks */,
			);
			runOnlyForDeploymentPostprocessing = 0;
		};
/* End PBXFrameworksBuildPhase section */

/* Begin PBXGroup section */
		9B2E405D2B9BB00800FB19C1 /* Shaders */ = {
			isa = PBXGroup;
			children = (
				9BC482A52B9A700200F5A777 /* ColorWheel.metal */,
			);
			path = Shaders;
			sourceTree = "<group>";
		};
		9B2E405E2B9BB00F00FB19C1 /* UI */ = {
			isa = PBXGroup;
			children = (
				9B6D60582B9C761A004D511D /* ContentView.swift */,
				9BC482992B9A6FEF00F5A777 /* ColorWheel.swift */,
				9B2E405F2B9BB02000FB19C1 /* ControlPoint.swift */,
				9B2E406E2B9BE4F300FB19C1 /* ColorPoint.swift */,
				9B6D605C2B9C76CA004D511D /* GradientPalette.swift */,
			);
			path = UI;
			sourceTree = "<group>";
		};
		9B2E40612B9BB22200FB19C1 /* Extensions */ = {
			isa = PBXGroup;
			children = (
				9B2E40622B9BB22F00FB19C1 /* CGRect+Extension.swift */,
				9B2E406C2B9BE35B00FB19C1 /* Color+Extensions.swift */,
				9B6D60562B9C7516004D511D /* Angle+Extensions.swift */,
			);
			path = Extensions;
			sourceTree = "<group>";
		};
		9B2E40662B9BD86800FB19C1 /* Models */ = {
			isa = PBXGroup;
			children = (
				9B2E40642B9BCA2400FB19C1 /* Scheme.swift */,
				9B2E40672B9BD87300FB19C1 /* HSB.swift */,
			);
			path = Models;
			sourceTree = "<group>";
		};
		9BC4828B2B9A6FEF00F5A777 = {
			isa = PBXGroup;
			children = (
				9BC482962B9A6FEF00F5A777 /* ColorWheel */,
				9BC482952B9A6FEF00F5A777 /* Products */,
			);
			sourceTree = "<group>";
		};
		9BC482952B9A6FEF00F5A777 /* Products */ = {
			isa = PBXGroup;
			children = (
				9BC482942B9A6FEF00F5A777 /* ColorWheel.app */,
			);
			name = Products;
			sourceTree = "<group>";
		};
		9BC482962B9A6FEF00F5A777 /* ColorWheel */ = {
			isa = PBXGroup;
			children = (
				9B2E40662B9BD86800FB19C1 /* Models */,
				9B2E40612B9BB22200FB19C1 /* Extensions */,
				9B2E405E2B9BB00F00FB19C1 /* UI */,
				9B2E405D2B9BB00800FB19C1 /* Shaders */,
				9BC482972B9A6FEF00F5A777 /* ColorWheelApp.swift */,
				9BC4829B2B9A6FF000F5A777 /* Assets.xcassets */,
				9BC4829D2B9A6FF000F5A777 /* Preview Content */,
			);
			path = ColorWheel;
			sourceTree = "<group>";
		};
		9BC4829D2B9A6FF000F5A777 /* Preview Content */ = {
			isa = PBXGroup;
			children = (
				9BC4829E2B9A6FF000F5A777 /* Preview Assets.xcassets */,
			);
			path = "Preview Content";
			sourceTree = "<group>";
		};
/* End PBXGroup section */

/* Begin PBXNativeTarget section */
		9BC482932B9A6FEF00F5A777 /* ColorWheel */ = {
			isa = PBXNativeTarget;
			buildConfigurationList = 9BC482A22B9A6FF000F5A777 /* Build configuration list for PBXNativeTarget "ColorWheel" */;
			buildPhases = (
				9BC482902B9A6FEF00F5A777 /* Sources */,
				9BC482912B9A6FEF00F5A777 /* Frameworks */,
				9BC482922B9A6FEF00F5A777 /* Resources */,
			);
			buildRules = (
			);
			dependencies = (
			);
			name = ColorWheel;
			packageProductDependencies = (
				9B2709A72BC4A0EB0002C574 /* Vectors */,
			);
			productName = ColorWheel;
			productReference = 9BC482942B9A6FEF00F5A777 /* ColorWheel.app */;
			productType = "com.apple.product-type.application";
		};
/* End PBXNativeTarget section */

/* Begin PBXProject section */
		9BC4828C2B9A6FEF00F5A777 /* Project object */ = {
			isa = PBXProject;
			attributes = {
				BuildIndependentTargetsInParallel = 1;
				LastSwiftUpdateCheck = 1530;
				LastUpgradeCheck = 1530;
				TargetAttributes = {
					9BC482932B9A6FEF00F5A777 = {
						CreatedOnToolsVersion = 15.3;
					};
				};
			};
			buildConfigurationList = 9BC4828F2B9A6FEF00F5A777 /* Build configuration list for PBXProject "ColorWheel" */;
			compatibilityVersion = "Xcode 14.0";
			developmentRegion = en;
			hasScannedForEncodings = 0;
			knownRegions = (
				en,
				Base,
			);
			mainGroup = 9BC4828B2B9A6FEF00F5A777;
			packageReferences = (
				9B2709A62BC4A0EB0002C574 /* XCRemoteSwiftPackageReference "swift-vectors" */,
			);
			productRefGroup = 9BC482952B9A6FEF00F5A777 /* Products */;
			projectDirPath = "";
			projectRoot = "";
			targets = (
				9BC482932B9A6FEF00F5A777 /* ColorWheel */,
			);
		};
/* End PBXProject section */

/* Begin PBXResourcesBuildPhase section */
		9BC482922B9A6FEF00F5A777 /* Resources */ = {
			isa = PBXResourcesBuildPhase;
			buildActionMask = 2147483647;
			files = (
				9BC4829F2B9A6FF000F5A777 /* Preview Assets.xcassets in Resources */,
				9BC4829C2B9A6FF000F5A777 /* Assets.xcassets in Resources */,
			);
			runOnlyForDeploymentPostprocessing = 0;
		};
/* End PBXResourcesBuildPhase section */

/* Begin PBXSourcesBuildPhase section */
		9BC482902B9A6FEF00F5A777 /* Sources */ = {
			isa = PBXSourcesBuildPhase;
			buildActionMask = 2147483647;
			files = (
				9B2E40602B9BB02000FB19C1 /* ControlPoint.swift in Sources */,
				9B6D60572B9C7516004D511D /* Angle+Extensions.swift in Sources */,
				9B2E40682B9BD87300FB19C1 /* HSB.swift in Sources */,
				9B6D605D2B9C76CA004D511D /* GradientPalette.swift in Sources */,
				9B2E406D2B9BE35B00FB19C1 /* Color+Extensions.swift in Sources */,
				9BC482A62B9A700200F5A777 /* ColorWheel.metal in Sources */,
				9BC4829A2B9A6FEF00F5A777 /* ColorWheel.swift in Sources */,
				9B2E40632B9BB22F00FB19C1 /* CGRect+Extension.swift in Sources */,
				9B2E406F2B9BE4F300FB19C1 /* ColorPoint.swift in Sources */,
				9B6D60592B9C761A004D511D /* ContentView.swift in Sources */,
				9B2E40652B9BCA2400FB19C1 /* Scheme.swift in Sources */,
				9BC482982B9A6FEF00F5A777 /* ColorWheelApp.swift in Sources */,
			);
			runOnlyForDeploymentPostprocessing = 0;
		};
/* End PBXSourcesBuildPhase section */

/* Begin XCBuildConfiguration section */
		9BC482A02B9A6FF000F5A777 /* Debug */ = {
			isa = XCBuildConfiguration;
			buildSettings = {
				ALWAYS_SEARCH_USER_PATHS = NO;
				ASSETCATALOG_COMPILER_GENERATE_SWIFT_ASSET_SYMBOL_EXTENSIONS = YES;
				CLANG_ANALYZER_NONNULL = YES;
				CLANG_ANALYZER_NUMBER_OBJECT_CONVERSION = YES_AGGRESSIVE;
				CLANG_CXX_LANGUAGE_STANDARD = "gnu++20";
				CLANG_ENABLE_MODULES = YES;
				CLANG_ENABLE_OBJC_ARC = YES;
				CLANG_ENABLE_OBJC_WEAK = YES;
				CLANG_WARN_BLOCK_CAPTURE_AUTORELEASING = YES;
				CLANG_WARN_BOOL_CONVERSION = YES;
				CLANG_WARN_COMMA = YES;
				CLANG_WARN_CONSTANT_CONVERSION = YES;
				CLANG_WARN_DEPRECATED_OBJC_IMPLEMENTATIONS = YES;
				CLANG_WARN_DIRECT_OBJC_ISA_USAGE = YES_ERROR;
				CLANG_WARN_DOCUMENTATION_COMMENTS = YES;
				CLANG_WARN_EMPTY_BODY = YES;
				CLANG_WARN_ENUM_CONVERSION = YES;
				CLANG_WARN_INFINITE_RECURSION = YES;
				CLANG_WARN_INT_CONVERSION = YES;
				CLANG_WARN_NON_LITERAL_NULL_CONVERSION = YES;
				CLANG_WARN_OBJC_IMPLICIT_RETAIN_SELF = YES;
				CLANG_WARN_OBJC_LITERAL_CONVERSION = YES;
				CLANG_WARN_OBJC_ROOT_CLASS = YES_ERROR;
				CLANG_WARN_QUOTED_INCLUDE_IN_FRAMEWORK_HEADER = YES;
				CLANG_WARN_RANGE_LOOP_ANALYSIS = YES;
				CLANG_WARN_STRICT_PROTOTYPES = YES;
				CLANG_WARN_SUSPICIOUS_MOVE = YES;
				CLANG_WARN_UNGUARDED_AVAILABILITY = YES_AGGRESSIVE;
				CLANG_WARN_UNREACHABLE_CODE = YES;
				CLANG_WARN__DUPLICATE_METHOD_MATCH = YES;
				COPY_PHASE_STRIP = NO;
				DEBUG_INFORMATION_FORMAT = dwarf;
				ENABLE_STRICT_OBJC_MSGSEND = YES;
				ENABLE_TESTABILITY = YES;
				ENABLE_USER_SCRIPT_SANDBOXING = YES;
				GCC_C_LANGUAGE_STANDARD = gnu17;
				GCC_DYNAMIC_NO_PIC = NO;
				GCC_NO_COMMON_BLOCKS = YES;
				GCC_OPTIMIZATION_LEVEL = 0;
				GCC_PREPROCESSOR_DEFINITIONS = (
					"DEBUG=1",
					"$(inherited)",
				);
				GCC_WARN_64_TO_32_BIT_CONVERSION = YES;
				GCC_WARN_ABOUT_RETURN_TYPE = YES_ERROR;
				GCC_WARN_UNDECLARED_SELECTOR = YES;
				GCC_WARN_UNINITIALIZED_AUTOS = YES_AGGRESSIVE;
				GCC_WARN_UNUSED_FUNCTION = YES;
				GCC_WARN_UNUSED_VARIABLE = YES;
				IPHONEOS_DEPLOYMENT_TARGET = 17.4;
				LOCALIZATION_PREFERS_STRING_CATALOGS = YES;
				MTL_ENABLE_DEBUG_INFO = INCLUDE_SOURCE;
				MTL_FAST_MATH = YES;
				ONLY_ACTIVE_ARCH = YES;
				SDKROOT = iphoneos;
				SWIFT_ACTIVE_COMPILATION_CONDITIONS = "DEBUG $(inherited)";
				SWIFT_OPTIMIZATION_LEVEL = "-Onone";
			};
			name = Debug;
		};
		9BC482A12B9A6FF000F5A777 /* Release */ = {
			isa = XCBuildConfiguration;
			buildSettings = {
				ALWAYS_SEARCH_USER_PATHS = NO;
				ASSETCATALOG_COMPILER_GENERATE_SWIFT_ASSET_SYMBOL_EXTENSIONS = YES;
				CLANG_ANALYZER_NONNULL = YES;
				CLANG_ANALYZER_NUMBER_OBJECT_CONVERSION = YES_AGGRESSIVE;
				CLANG_CXX_LANGUAGE_STANDARD = "gnu++20";
				CLANG_ENABLE_MODULES = YES;
				CLANG_ENABLE_OBJC_ARC = YES;
				CLANG_ENABLE_OBJC_WEAK = YES;
				CLANG_WARN_BLOCK_CAPTURE_AUTORELEASING = YES;
				CLANG_WARN_BOOL_CONVERSION = YES;
				CLANG_WARN_COMMA = YES;
				CLANG_WARN_CONSTANT_CONVERSION = YES;
				CLANG_WARN_DEPRECATED_OBJC_IMPLEMENTATIONS = YES;
				CLANG_WARN_DIRECT_OBJC_ISA_USAGE = YES_ERROR;
				CLANG_WARN_DOCUMENTATION_COMMENTS = YES;
				CLANG_WARN_EMPTY_BODY = YES;
				CLANG_WARN_ENUM_CONVERSION = YES;
				CLANG_WARN_INFINITE_RECURSION = YES;
				CLANG_WARN_INT_CONVERSION = YES;
				CLANG_WARN_NON_LITERAL_NULL_CONVERSION = YES;
				CLANG_WARN_OBJC_IMPLICIT_RETAIN_SELF = YES;
				CLANG_WARN_OBJC_LITERAL_CONVERSION = YES;
				CLANG_WARN_OBJC_ROOT_CLASS = YES_ERROR;
				CLANG_WARN_QUOTED_INCLUDE_IN_FRAMEWORK_HEADER = YES;
				CLANG_WARN_RANGE_LOOP_ANALYSIS = YES;
				CLANG_WARN_STRICT_PROTOTYPES = YES;
				CLANG_WARN_SUSPICIOUS_MOVE = YES;
				CLANG_WARN_UNGUARDED_AVAILABILITY = YES_AGGRESSIVE;
				CLANG_WARN_UNREACHABLE_CODE = YES;
				CLANG_WARN__DUPLICATE_METHOD_MATCH = YES;
				COPY_PHASE_STRIP = NO;
				DEBUG_INFORMATION_FORMAT = "dwarf-with-dsym";
				ENABLE_NS_ASSERTIONS = NO;
				ENABLE_STRICT_OBJC_MSGSEND = YES;
				ENABLE_USER_SCRIPT_SANDBOXING = YES;
				GCC_C_LANGUAGE_STANDARD = gnu17;
				GCC_NO_COMMON_BLOCKS = YES;
				GCC_WARN_64_TO_32_BIT_CONVERSION = YES;
				GCC_WARN_ABOUT_RETURN_TYPE = YES_ERROR;
				GCC_WARN_UNDECLARED_SELECTOR = YES;
				GCC_WARN_UNINITIALIZED_AUTOS = YES_AGGRESSIVE;
				GCC_WARN_UNUSED_FUNCTION = YES;
				GCC_WARN_UNUSED_VARIABLE = YES;
				IPHONEOS_DEPLOYMENT_TARGET = 17.4;
				LOCALIZATION_PREFERS_STRING_CATALOGS = YES;
				MTL_ENABLE_DEBUG_INFO = NO;
				MTL_FAST_MATH = YES;
				SDKROOT = iphoneos;
				SWIFT_COMPILATION_MODE = wholemodule;
				VALIDATE_PRODUCT = YES;
			};
			name = Release;
		};
		9BC482A32B9A6FF000F5A777 /* Debug */ = {
			isa = XCBuildConfiguration;
			buildSettings = {
				ASSETCATALOG_COMPILER_APPICON_NAME = AppIcon;
				ASSETCATALOG_COMPILER_GLOBAL_ACCENT_COLOR_NAME = AccentColor;
				CODE_SIGN_STYLE = Automatic;
				CURRENT_PROJECT_VERSION = 1;
				DEVELOPMENT_ASSET_PATHS = "\"ColorWheel/Preview Content\"";
				DEVELOPMENT_TEAM = 7G4N3SZHJZ;
				ENABLE_PREVIEWS = YES;
				GENERATE_INFOPLIST_FILE = YES;
				INFOPLIST_KEY_UIApplicationSceneManifest_Generation = YES;
				INFOPLIST_KEY_UIApplicationSupportsIndirectInputEvents = YES;
				INFOPLIST_KEY_UILaunchScreen_Generation = YES;
				INFOPLIST_KEY_UISupportedInterfaceOrientations_iPad = "UIInterfaceOrientationPortrait UIInterfaceOrientationPortraitUpsideDown UIInterfaceOrientationLandscapeLeft UIInterfaceOrientationLandscapeRight";
				INFOPLIST_KEY_UISupportedInterfaceOrientations_iPhone = "UIInterfaceOrientationPortrait UIInterfaceOrientationLandscapeLeft UIInterfaceOrientationLandscapeRight";
				LD_RUNPATH_SEARCH_PATHS = (
					"$(inherited)",
					"@executable_path/Frameworks",
				);
				MARKETING_VERSION = 1.0;
				PRODUCT_BUNDLE_IDENTIFIER = com.gaetanomatonti.ColorWheel;
				PRODUCT_NAME = "$(TARGET_NAME)";
				SWIFT_EMIT_LOC_STRINGS = YES;
				SWIFT_VERSION = 5.0;
				TARGETED_DEVICE_FAMILY = "1,2";
			};
			name = Debug;
		};
		9BC482A42B9A6FF000F5A777 /* Release */ = {
			isa = XCBuildConfiguration;
			buildSettings = {
				ASSETCATALOG_COMPILER_APPICON_NAME = AppIcon;
				ASSETCATALOG_COMPILER_GLOBAL_ACCENT_COLOR_NAME = AccentColor;
				CODE_SIGN_STYLE = Automatic;
				CURRENT_PROJECT_VERSION = 1;
				DEVELOPMENT_ASSET_PATHS = "\"ColorWheel/Preview Content\"";
				DEVELOPMENT_TEAM = 7G4N3SZHJZ;
				ENABLE_PREVIEWS = YES;
				GENERATE_INFOPLIST_FILE = YES;
				INFOPLIST_KEY_UIApplicationSceneManifest_Generation = YES;
				INFOPLIST_KEY_UIApplicationSupportsIndirectInputEvents = YES;
				INFOPLIST_KEY_UILaunchScreen_Generation = YES;
				INFOPLIST_KEY_UISupportedInterfaceOrientations_iPad = "UIInterfaceOrientationPortrait UIInterfaceOrientationPortraitUpsideDown UIInterfaceOrientationLandscapeLeft UIInterfaceOrientationLandscapeRight";
				INFOPLIST_KEY_UISupportedInterfaceOrientations_iPhone = "UIInterfaceOrientationPortrait UIInterfaceOrientationLandscapeLeft UIInterfaceOrientationLandscapeRight";
				LD_RUNPATH_SEARCH_PATHS = (
					"$(inherited)",
					"@executable_path/Frameworks",
				);
				MARKETING_VERSION = 1.0;
				PRODUCT_BUNDLE_IDENTIFIER = com.gaetanomatonti.ColorWheel;
				PRODUCT_NAME = "$(TARGET_NAME)";
				SWIFT_EMIT_LOC_STRINGS = YES;
				SWIFT_VERSION = 5.0;
				TARGETED_DEVICE_FAMILY = "1,2";
			};
			name = Release;
		};
/* End XCBuildConfiguration section */

/* Begin XCConfigurationList section */
		9BC4828F2B9A6FEF00F5A777 /* Build configuration list for PBXProject "ColorWheel" */ = {
			isa = XCConfigurationList;
			buildConfigurations = (
				9BC482A02B9A6FF000F5A777 /* Debug */,
				9BC482A12B9A6FF000F5A777 /* Release */,
			);
			defaultConfigurationIsVisible = 0;
			defaultConfigurationName = Release;
		};
		9BC482A22B9A6FF000F5A777 /* Build configuration list for PBXNativeTarget "ColorWheel" */ = {
			isa = XCConfigurationList;
			buildConfigurations = (
				9BC482A32B9A6FF000F5A777 /* Debug */,
				9BC482A42B9A6FF000F5A777 /* Release */,
			);
			defaultConfigurationIsVisible = 0;
			defaultConfigurationName = Release;
		};
/* End XCConfigurationList section */

/* Begin XCRemoteSwiftPackageReference section */
		9B2709A62BC4A0EB0002C574 /* XCRemoteSwiftPackageReference "swift-vectors" */ = {
			isa = XCRemoteSwiftPackageReference;
			repositoryURL = "https://github.com/gaetanomatonti/swift-vectors";
			requirement = {
				branch = develop;
				kind = branch;
			};
		};
/* End XCRemoteSwiftPackageReference section */

/* Begin XCSwiftPackageProductDependency section */
		9B2709A72BC4A0EB0002C574 /* Vectors */ = {
			isa = XCSwiftPackageProductDependency;
			package = 9B2709A62BC4A0EB0002C574 /* XCRemoteSwiftPackageReference "swift-vectors" */;
			productName = Vectors;
		};
/* End XCSwiftPackageProductDependency section */
	};
	rootObject = 9BC4828C2B9A6FEF00F5A777 /* Project object */;
}
