{
  "originHash" : "401db2451f59777aeb1f617b9a31716848f38c69b14026149a71ae0a9e8678e3",
  "pins" : [
    {
      "identity" : "swift-vectors",
      "kind" : "remoteSourceControl",
      "location" : "https://github.com/gaetanomatonti/swift-vectors",
      "state" : {
        "branch" : "feature/polar-coordinates",
        "revision" : "2560c1d83a785b5766098675c9f79183787b3d24"
      }
    }
  ],
  "version" : 3
}
