{
  "originHash" : "401db2451f59777aeb1f617b9a31716848f38c69b14026149a71ae0a9e8678e3",
  "pins" : [
    {
      "identity" : "swift-vectors",
      "kind" : "remoteSourceControl",
      "location" : "https://github.com/gaetanomatonti/swift-vectors",
      "state" : {
        "revision" : "00b18e2e2c7c20c67d88fb305d4812b04fa73c6f",
        "version" : "0.2.0"
      }
    }
  ],
  "version" : 3
}
